
Microsoft Visual Studio Solution File, Format Version 10.00
# Visual Studio 2008
Project("{FAE04EC0-301F-11D3-BF4B-00C04F79EFBC}") = "3LayerDemo", "3LayerDemo\3LayerDemo.csproj", "{60DC9DDA-B2B8-4D63-8B16-6F5309ED7858}"
EndProject
Project("{FAE04EC0-301F-11D3-BF4B-00C04F79EFBC}") = "Model", "Model\Model.csproj", "{C48843FC-C8AF-42F3-ABEA-33B41F0DB422}"
EndProject
Project("{FAE04EC0-301F-11D3-BF4B-00C04F79EFBC}") = "DAL", "DAL\DAL.csproj", "{B9FCF298-0265-40D4-A92A-B3C2BCBB2E83}"
EndProject
Project("{FAE04EC0-301F-11D3-BF4B-00C04F79EFBC}") = "BLL", "BLL\BLL.csproj", "{986C867D-959F-40B3-900F-1F63F967AA18}"
EndProject
Global
	GlobalSection(SolutionConfigurationPlatforms) = preSolution
		Debug|Any CPU = Debug|Any CPU
		Release|Any CPU = Release|Any CPU
	EndGlobalSection
	GlobalSection(ProjectConfigurationPlatforms) = postSolution
		{60DC9DDA-B2B8-4D63-8B16-6F5309ED7858}.Debug|Any CPU.ActiveCfg = Debug|Any CPU
		{60DC9DDA-B2B8-4D63-8B16-6F5309ED7858}.Debug|Any CPU.Build.0 = Debug|Any CPU
		{60DC9DDA-B2B8-4D63-8B16-6F5309ED7858}.Release|Any CPU.ActiveCfg = Release|Any CPU
		{60DC9DDA-B2B8-4D63-8B16-6F5309ED7858}.Release|Any CPU.Build.0 = Release|Any CPU
		{C48843FC-C8AF-42F3-ABEA-33B41F0DB422}.Debug|Any CPU.ActiveCfg = Debug|Any CPU
		{C48843FC-C8AF-42F3-ABEA-33B41F0DB422}.Debug|Any CPU.Build.0 = Debug|Any CPU
		{C48843FC-C8AF-42F3-ABEA-33B41F0DB422}.Release|Any CPU.ActiveCfg = Release|Any CPU
		{C48843FC-C8AF-42F3-ABEA-33B41F0DB422}.Release|Any CPU.Build.0 = Release|Any CPU
		{B9FCF298-0265-40D4-A92A-B3C2BCBB2E83}.Debug|Any CPU.ActiveCfg = Debug|Any CPU
		{B9FCF298-0265-40D4-A92A-B3C2BCBB2E83}.Debug|Any CPU.Build.0 = Debug|Any CPU
		{B9FCF298-0265-40D4-A92A-B3C2BCBB2E83}.Release|Any CPU.ActiveCfg = Release|Any CPU
		{B9FCF298-0265-40D4-A92A-B3C2BCBB2E83}.Release|Any CPU.Build.0 = Release|Any CPU
		{986C867D-959F-40B3-900F-1F63F967AA18}.Debug|Any CPU.ActiveCfg = Debug|Any CPU
		{986C867D-959F-40B3-900F-1F63F967AA18}.Debug|Any CPU.Build.0 = Debug|Any CPU
		{986C867D-959F-40B3-900F-1F63F967AA18}.Release|Any CPU.ActiveCfg = Release|Any CPU
		{986C867D-959F-40B3-900F-1F63F967AA18}.Release|Any CPU.Build.0 = Release|Any CPU
	EndGlobalSection
	GlobalSection(SolutionProperties) = preSolution
		HideSolutionNode = FALSE
	EndGlobalSection
EndGlobal
